{
  "version": 1,
  "dependencies": {
    "net10.0": {
      "ProDotNetZip": {
        "type": "Direct",
        "requested": "[1.20.0, )",
        "resolved": "1.20.0",
        "contentHash": "3UQ+ZARja9UbUhIi21UmFxcPiSOg12HdfQvWvnyMjSfWTWIuWitH4XXOKgV7wk9wHZj0f0olOJYFAK52encGZg==",
        "dependencies": {
          "System.Security.Permissions": "8.0.0"
        }
      },
      "SharpZipLib": {
        "type": "Direct",
        "requested": "[1.3.3, )",
        "resolved": "1.3.3",
        "contentHash": "N8+hwhsKZm25tDJfWpBSW7EGhH/R7EMuiX+KJ4C4u+fCWVc1lJ5zg1u3S1RPPVYgTqhx/C3hxrqUpi6RwK5+Tg=="
      },
      "System.ComponentModel.Composition": {
        "type": "Transitive",
        "resolved": "6.0.0",
        "contentHash": "60Qv+F7oxomOjJeTDA5Z4iCyFbQ0B/2Mi5HT+13pxxq0lVnu2ipbWMzFB+RWKr3wWKA8BSncXr9PH/fECwMX5Q=="
      },
      "System.Security.Permissions": {
        "type": "Transitive",
        "resolved": "8.0.0",
        "contentHash": "v/BBylw7XevuAsHXoX9dDUUfmBIcUf7Lkz8K3ZXIKz3YRKpw8YftpSir4n4e/jDTKFoaK37AsC3xnk+GNFI1Ow==",
        "dependencies": {
          "System.Windows.Extensions": "8.0.0"
        }
      },
      "System.Windows.Extensions": {
        "type": "Transitive",
        "resolved": "8.0.0",
        "contentHash": "Obg3a90MkOw9mYKxrardLpY2u0axDMrSmy4JCdq2cYbelM2cUwmUir5Bomvd1yxmPL9h5LVHU1tuKBZpUjfASg=="
      },
      "quantconnect.logging": {
        "type": "Project",
        "dependencies": {
          "System.ComponentModel.Composition": "[6.0.0, )"
        }
      }
    }
  }
}