{
  "version": 1,
  "dependencies": {
    "net10.0": {
      "McMaster.Extensions.CommandLineUtils": {
        "type": "Direct",
        "requested": "[2.6.0, )",
        "resolved": "2.6.0",
        "contentHash": "paiRzqvqdSFdcWVTXn6SzphajrpjFM5ERiGlgccL5J2lgHbty068D63Maqmj0VTG0G9ciP2m/NSIgGnNv8WOLw==",
        "dependencies": {
          "System.ComponentModel.Annotations": "4.7.0"
        }
      },
      "Newtonsoft.Json": {
        "type": "Direct",
        "requested": "[13.0.2, )",
        "resolved": "13.0.2",
        "contentHash": "R2pZ3B0UjeyHShm9vG+Tu0EBb2lC8b0dFzV9gVn50ofHXh9Smjk6kTn7A/FdAsC8B5cKib1OnGYOXxRBz5XQDg=="
      },
      "System.ComponentModel.Annotations": {
        "type": "Transitive",
        "resolved": "4.7.0",
        "contentHash": "0YFqjhp/mYkDGpU0Ye1GjE53HMp9UVfGN7seGpAMttAC0C40v5gw598jCgpbBLMmCo0E5YRLBv5Z2doypO49ZQ=="
      },
      "System.ComponentModel.Composition": {
        "type": "Transitive",
        "resolved": "6.0.0",
        "contentHash": "60Qv+F7oxomOjJeTDA5Z4iCyFbQ0B/2Mi5HT+13pxxq0lVnu2ipbWMzFB+RWKr3wWKA8BSncXr9PH/fECwMX5Q=="
      },
      "quantconnect.logging": {
        "type": "Project",
        "dependencies": {
          "System.ComponentModel.Composition": "[6.0.0, )"
        }
      }
    }
  }
}