{
  "version": 1,
  "dependencies": {
    "net10.0": {
      "System.ComponentModel.Composition": {
        "type": "Direct",
        "requested": "[6.0.0, )",
        "resolved": "6.0.0",
        "contentHash": "60Qv+F7oxomOjJeTDA5Z4iCyFbQ0B/2Mi5HT+13pxxq0lVnu2ipbWMzFB+RWKr3wWKA8BSncXr9PH/fECwMX5Q=="
      }
    }
  }
}